<?xml version="1.0" encoding="utf-8"?>
<Project ToolsVersion="4.0" xmlns="http://schemas.microsoft.com/developer/msbuild/2003">
  <ItemGroup>
    <Filter Include="Source Files">
      <UniqueIdentifier>{4FC737F1-C7A5-4376-A066-2A32D752A2FF}</UniqueIdentifier>
      <Extensions>cpp;c;cc;cxx;def;odl;idl;hpj;bat;asm;asmx</Extensions>
    </Filter>
    <Filter Include="Header Files">
      <UniqueIdentifier>{93995380-89BD-4b04-88EB-625FBE52EBFB}</UniqueIdentifier>
      <Extensions>h;hpp;hxx;hm;inl;inc;xsd</Extensions>
    </Filter>
    <Filter Include="Resource Files">
      <UniqueIdentifier>{67DA6AB6-F800-4c08-8B7A-83BB121AAD01}</UniqueIdentifier>
      <Extensions>rc;ico;cur;bmp;dlg;rc2;rct;bin;rgs;gif;jpg;jpeg;jpe;resx;tiff;tif;png;wav;mfcribbon-ms</Extensions>
    </Filter>
    <Filter Include="Header Files\PGE">
      <UniqueIdentifier>{7db7e3ac-fd92-4434-8fff-afb01f3152c6}</UniqueIdentifier>
    </Filter>
    <Filter Include="Header Files\PGE\PRRE">
      <UniqueIdentifier>{269262dd-a735-4a57-96e0-04f09c275d26}</UniqueIdentifier>
    </Filter>
    <Filter Include="Header Files\CConsole">
      <UniqueIdentifier>{52365b00-d438-44e9-9010-0c3f04107cd5}</UniqueIdentifier>
    </Filter>
    <Filter Include="Header Files\PFL">
      <UniqueIdentifier>{986e7ed0-04be-4586-98b9-5286a0e215eb}</UniqueIdentifier>
    </Filter>
    <Filter Include="Header Files\PGE\PRRE\Render">
      <UniqueIdentifier>{fbab2191-b708-407f-a27f-e9d97e3ef0ee}</UniqueIdentifier>
    </Filter>
    <Filter Include="Header Files\PGE\PRRE\Hardware">
      <UniqueIdentifier>{b454f19e-688e-48ae-9f61-19fe5c3c13fb}</UniqueIdentifier>
    </Filter>
    <Filter Include="Header Files\PGE\PRRE\Math">
      <UniqueIdentifier>{c3923f8c-1532-4244-9229-b0e33b970380}</UniqueIdentifier>
    </Filter>
    <Filter Include="Header Files\PGE\PRRE\Display">
      <UniqueIdentifier>{df6ddccb-ba82-4269-a54e-70cdcac3fd22}</UniqueIdentifier>
    </Filter>
    <Filter Include="Header Files\PGE\PRRE\Material">
      <UniqueIdentifier>{9c8f1a4d-65d0-4e0f-8b32-099011defea0}</UniqueIdentifier>
    </Filter>
    <Filter Include="Header Files\PGE\PRRE\Object3D">
      <UniqueIdentifier>{79fa05f2-712e-4672-8d9f-b6bd447ad1ff}</UniqueIdentifier>
    </Filter>
    <Filter Include="Header Files\PGE\Network">
      <UniqueIdentifier>{231fcc35-6f09-411c-9855-aca41038ad47}</UniqueIdentifier>
    </Filter>
    <Filter Include="Header Files\PGE\Config">
      <UniqueIdentifier>{132dafa6-7dad-47ae-a8bf-7b3d2858b010}</UniqueIdentifier>
    </Filter>
  </ItemGroup>
  <ItemGroup>
    <ClInclude Include="src\BaseConsts.h">
      <Filter>Header Files</Filter>
    </ClInclude>
    <ClInclude Include="src\CustomPGE.h">
      <Filter>Header Files</Filter>
    </ClInclude>
    <ClInclude Include="..\..\PGE\PGE\PGE.h">
      <Filter>Header Files\PGE</Filter>
    </ClInclude>
    <ClInclude Include="..\..\PGE\PGE\PGEInputHandler.h">
      <Filter>Header Files\PGE</Filter>
    </ClInclude>
    <ClInclude Include="..\..\PGE\PGE\PGEWorld.h">
      <Filter>Header Files\PGE</Filter>
    </ClInclude>
    <ClInclude Include="..\..\PGE\PGE\PGEWorldTime.h">
      <Filter>Header Files\PGE</Filter>
    </ClInclude>
    <ClInclude Include="..\..\PGE\PGE\PGEWorldWeather.h">
      <Filter>Header Files\PGE</Filter>
    </ClInclude>
    <ClInclude Include="..\..\CConsole\CConsole\src\CConsole.h">
      <Filter>Header Files\CConsole</Filter>
    </ClInclude>
    <ClInclude Include="..\..\PFL\PFL\PFL.h">
      <Filter>Header Files\PFL</Filter>
    </ClInclude>
    <ClInclude Include="..\..\PGE\PGE\PGEallHeaders.h">
      <Filter>Header Files\PGE</Filter>
    </ClInclude>
    <ClInclude Include="..\..\PGE\PGE\PRRE\include\external\Display\PRREScreen.h">
      <Filter>Header Files\PGE\PRRE\Display</Filter>
    </ClInclude>
    <ClInclude Include="..\..\PGE\PGE\PRRE\include\external\Display\PRREWindow.h">
      <Filter>Header Files\PGE\PRRE\Display</Filter>
    </ClInclude>
    <ClInclude Include="..\..\PGE\PGE\PRRE\include\external\Hardware\PRREhwAudio.h">
      <Filter>Header Files\PGE\PRRE\Hardware</Filter>
    </ClInclude>
    <ClInclude Include="..\..\PGE\PGE\PRRE\include\external\Hardware\PRREhwBase.h">
      <Filter>Header Files\PGE\PRRE\Hardware</Filter>
    </ClInclude>
    <ClInclude Include="..\..\PGE\PGE\PRRE\include\external\Hardware\PRREhwCentralProcessor.h">
      <Filter>Header Files\PGE\PRRE\Hardware</Filter>
    </ClInclude>
    <ClInclude Include="..\..\PGE\PGE\PRRE\include\external\Hardware\PRREhwInfo.h">
      <Filter>Header Files\PGE\PRRE\Hardware</Filter>
    </ClInclude>
    <ClInclude Include="..\..\PGE\PGE\PRRE\include\external\Hardware\PRREhwSystemMemory.h">
      <Filter>Header Files\PGE\PRRE\Hardware</Filter>
    </ClInclude>
    <ClInclude Include="..\..\PGE\PGE\PRRE\include\external\Hardware\PRREhwVideo.h">
      <Filter>Header Files\PGE\PRRE\Hardware</Filter>
    </ClInclude>
    <ClInclude Include="..\..\PGE\PGE\PRRE\include\external\Material\PRREColor.h">
      <Filter>Header Files\PGE\PRRE\Material</Filter>
    </ClInclude>
    <ClInclude Include="..\..\PGE\PGE\PRRE\include\external\Material\PRREImageManager.h">
      <Filter>Header Files\PGE\PRRE\Material</Filter>
    </ClInclude>
    <ClInclude Include="..\..\PGE\PGE\PRRE\include\external\Material\PRREMaterialManager.h">
      <Filter>Header Files\PGE\PRRE\Material</Filter>
    </ClInclude>
    <ClInclude Include="..\..\PGE\PGE\PRRE\include\external\Material\PRRETextureManager.h">
      <Filter>Header Files\PGE\PRRE\Material</Filter>
    </ClInclude>
    <ClInclude Include="..\..\PGE\PGE\PRRE\include\external\Math\PRREMatrix.h">
      <Filter>Header Files\PGE\PRRE\Math</Filter>
    </ClInclude>
    <ClInclude Include="..\..\PGE\PGE\PRRE\include\external\Math\PRREPosUpTarget.h">
      <Filter>Header Files\PGE\PRRE\Math</Filter>
    </ClInclude>
    <ClInclude Include="..\..\PGE\PGE\PRRE\include\external\Math\PRRETransformMatrix.h">
      <Filter>Header Files\PGE\PRRE\Math</Filter>
    </ClInclude>
    <ClInclude Include="..\..\PGE\PGE\PRRE\include\external\Math\PRREVector.h">
      <Filter>Header Files\PGE\PRRE\Math</Filter>
    </ClInclude>
    <ClInclude Include="..\..\PGE\PGE\PRRE\include\external\Object3D\PRREMesh3DManager.h">
      <Filter>Header Files\PGE\PRRE\Object3D</Filter>
    </ClInclude>
    <ClInclude Include="..\..\PGE\PGE\PRRE\include\external\Object3D\PRREObject3DManager.h">
      <Filter>Header Files\PGE\PRRE\Object3D</Filter>
    </ClInclude>
    <ClInclude Include="..\..\PGE\PGE\PRRE\include\external\Object3D\PRREVertexTransferMode.h">
      <Filter>Header Files\PGE\PRRE\Object3D</Filter>
    </ClInclude>
    <ClInclude Include="..\..\PGE\PGE\PRRE\include\external\Render\PRREIIncrementalRenderPipeline.h">
      <Filter>Header Files\PGE\PRRE\Render</Filter>
    </ClInclude>
    <ClInclude Include="..\..\PGE\PGE\PRRE\include\external\Render\PRREIRenderable.h">
      <Filter>Header Files\PGE\PRRE\Render</Filter>
    </ClInclude>
    <ClInclude Include="..\..\PGE\PGE\PRRE\include\external\Render\PRREIRenderer.h">
      <Filter>Header Files\PGE\PRRE\Render</Filter>
    </ClInclude>
    <ClInclude Include="..\..\PGE\PGE\PRRE\include\external\Render\PRRERendererHWfixedPipe.h">
      <Filter>Header Files\PGE\PRRE\Render</Filter>
    </ClInclude>
    <ClInclude Include="..\..\PGE\PGE\PRRE\include\external\Render\PRRERendererSWincremental.h">
      <Filter>Header Files\PGE\PRRE\Render</Filter>
    </ClInclude>
    <ClInclude Include="..\..\PGE\PGE\PRRE\include\external\PR00FsReducedRenderingEngine.h">
      <Filter>Header Files\PGE\PRRE</Filter>
    </ClInclude>
    <ClInclude Include="..\..\PGE\PGE\PRRE\include\external\PRREallHeaders.h">
      <Filter>Header Files\PGE\PRRE</Filter>
    </ClInclude>
    <ClInclude Include="..\..\PGE\PGE\PRRE\include\external\PRRECamera.h">
      <Filter>Header Files\PGE\PRRE</Filter>
    </ClInclude>
    <ClInclude Include="..\..\PGE\PGE\PRRE\include\external\PRREFiledManager.h">
      <Filter>Header Files\PGE\PRRE</Filter>
    </ClInclude>
    <ClInclude Include="..\..\PGE\PGE\PRRE\include\external\PRREManager.h">
      <Filter>Header Files\PGE\PRRE</Filter>
    </ClInclude>
    <ClInclude Include="..\..\PGE\PGE\PRRE\include\external\PRREtypes.h">
      <Filter>Header Files\PGE\PRRE</Filter>
    </ClInclude>
    <ClInclude Include="..\..\PGE\PGE\PRRE\include\external\PRREuiManager.h">
      <Filter>Header Files\PGE\PRRE</Filter>
    </ClInclude>
    <ClInclude Include="..\..\PGE\PGE\Network\PgeNetwork.h">
      <Filter>Header Files\PGE\Network</Filter>
    </ClInclude>
    <ClInclude Include="..\..\PGE\PGE\Network\PgePacket.h">
      <Filter>Header Files\PGE\Network</Filter>
    </ClInclude>
    <ClInclude Include="src\ElteFailPacket.h">
      <Filter>Header Files</Filter>
    </ClInclude>
    <ClInclude Include="..\..\PGE\PGE\Network\PgeClient.h">
      <Filter>Header Files\PGE\Network</Filter>
    </ClInclude>
    <ClInclude Include="..\..\PGE\PGE\Network\PgeServer.h">
      <Filter>Header Files\PGE\Network</Filter>
    </ClInclude>
    <ClInclude Include="..\..\PGE\PGE\Config\PGEcfgFile.h">
      <Filter>Header Files\PGE\Config</Filter>
    </ClInclude>
    <ClInclude Include="..\..\PGE\PGE\Config\PGEcfgVariable.h">
      <Filter>Header Files\PGE\Config</Filter>
    </ClInclude>
  </ItemGroup>
  <ItemGroup>
    <ClCompile Include="src\CustomPGE.cpp">
      <Filter>Source Files</Filter>
    </ClCompile>
    <ClCompile Include="src\ELTE-FAIL.cpp">
      <Filter>Source Files</Filter>
    </ClCompile>
  </ItemGroup>
</Project>